{
  "name": "template-library-typescript-v1",
  "version": "1.0.0",
  "lockfileVersion": 2,
  "requires": true,
  "packages": {
    "": {
      "name": "template-library-typescript-v1",
      "version": "1.0.0",
      "license": "MIT",
      "dependencies": {
        "template-library-typescript": "^1.0.0",
        "template-library-typescript-v1": "^1.0.0"
      }
    },
    "node_modules/template-library-typescript": {
      "version": "1.0.0",
      "resolved": "https://registry.npmjs.org/template-library-typescript/-/template-library-typescript-1.0.0.tgz",
      "integrity": "sha512-SiGin6dJSo+C6WngayjDosbTg6Ct1LuXVM4tH90oph7w79h9y6Cu8T6VeZ6WmmFGZHMyThH1UCrI4FeueUS6JQ=="
    },
    "node_modules/template-library-typescript-v1": {
      "version": "1.0.0",
      "resolved": "https://registry.npmjs.org/template-library-typescript-v1/-/template-library-typescript-v1-1.0.0.tgz",
      "integrity": "sha512-Izu+agKWy3ODXNeQD3ezg30oFi2brYqzByakwS81xP45cvOIEde5jwRq/zJROZ3PUgYAVjeTfdrNC3XkqVCVVA==",
      "dependencies": {
        "template-library-typescript": "^1.0.0"
      }
    }
  },
  "dependencies": {
    "template-library-typescript": {
      "version": "1.0.0",
      "resolved": "https://registry.npmjs.org/template-library-typescript/-/template-library-typescript-1.0.0.tgz",
      "integrity": "sha512-SiGin6dJSo+C6WngayjDosbTg6Ct1LuXVM4tH90oph7w79h9y6Cu8T6VeZ6WmmFGZHMyThH1UCrI4FeueUS6JQ=="
    },
    "template-library-typescript-v1": {
      "version": "1.0.0",
      "resolved": "https://registry.npmjs.org/template-library-typescript-v1/-/template-library-typescript-v1-1.0.0.tgz",
      "integrity": "sha512-Izu+agKWy3ODXNeQD3ezg30oFi2brYqzByakwS81xP45cvOIEde5jwRq/zJROZ3PUgYAVjeTfdrNC3XkqVCVVA==",
      "requires": {
        "template-library-typescript": "^1.0.0"
      }
    }
  }
}
